
Microsoft Visual Studio Solution File, Format Version 12.00
# Visual Studio Version 18
VisualStudioVersion = 18.5.11619.145 insiders
MinimumVisualStudioVersion = 10.0.40219.1
Project("{FAE04EC0-301F-11D3-BF4B-00C04F79EFBC}") = "ConvertDataBetweenDataType", "ConvertDataBetweenDataType.csproj", "{C72E333C-F58F-F9F2-0D95-82724CE7C27F}"
EndProject
Global
	GlobalSection(SolutionConfigurationPlatforms) = preSolution
		Debug|Any CPU = Debug|Any CPU
		Release|Any CPU = Release|Any CPU
	EndGlobalSection
	GlobalSection(ProjectConfigurationPlatforms) = postSolution
		{C72E333C-F58F-F9F2-0D95-82724CE7C27F}.Debug|Any CPU.ActiveCfg = Debug|Any CPU
		{C72E333C-F58F-F9F2-0D95-82724CE7C27F}.Debug|Any CPU.Build.0 = Debug|Any CPU
		{C72E333C-F58F-F9F2-0D95-82724CE7C27F}.Release|Any CPU.ActiveCfg = Release|Any CPU
		{C72E333C-F58F-F9F2-0D95-82724CE7C27F}.Release|Any CPU.Build.0 = Release|Any CPU
	EndGlobalSection
	GlobalSection(SolutionProperties) = preSolution
		HideSolutionNode = FALSE
	EndGlobalSection
	GlobalSection(ExtensibilityGlobals) = postSolution
		SolutionGuid = {F7D63964-87DA-443F-A42A-D33D07395FF6}
	EndGlobalSection
EndGlobal
